{
  "version": "5",
  "specifiers": {
    "jsr:@cliffy/command@^1.3.1": "1.3.1",
    "jsr:@cliffy/flags@^1.3.1": "1.3.1",
    "jsr:@cliffy/internal@^1.3.1": "1.3.1",
    "jsr:@cliffy/table@^1.3.1": "1.3.1",
    "jsr:@cliffy/upgrade@^1.3.1": "1.3.1",
    "jsr:@std/assert@^1.0.19": "1.0.19",
    "jsr:@std/cli@^1.0.32": "1.0.32",
    "jsr:@std/encoding@^1.0.11": "1.0.11",
    "jsr:@std/fmt@^1.0.10": "1.0.10",
    "jsr:@std/fs@^1.0.24": "1.0.24",
    "jsr:@std/html@^1.0.7": "1.0.7",
    "jsr:@std/http@^1.1.3": "1.1.3",
    "jsr:@std/internal@^1.0.12": "1.0.14",
    "jsr:@std/internal@^1.0.14": "1.0.14",
    "jsr:@std/json@^1.1.0": "1.1.0",
    "jsr:@std/jsonc@^1.0.2": "1.0.3",
    "jsr:@std/media-types@^1.1.0": "1.1.0",
    "jsr:@std/net@^1.0.6": "1.0.6",
    "jsr:@std/path@^1.1.5": "1.1.6",
    "jsr:@std/path@^1.1.6": "1.1.6",
    "jsr:@std/semver@^1.0.8": "1.0.8",
    "jsr:@std/streams@^1.0.17": "1.1.2",
    "jsr:@std/streams@^1.1.2": "1.1.2",
    "jsr:@std/tar@~0.1.10": "0.1.10",
    "jsr:@std/text@^1.0.19": "1.0.19",
    "npm:@deephaven-enterprise/auth-nodejs@2026.1.59": "2026.1.59",
    "npm:@deephaven/jsapi-nodejs@^1.29.0": "1.29.0",
    "npm:@types/react@^19.2.0": "19.3.0",
    "npm:ink@^7.1.1": "7.1.1_@types+react@19.3.0_react@19.3.0",
    "npm:react@^19.2.0": "19.3.0"
  },
  "jsr": {
    "@cliffy/command@1.3.1": {
      "integrity": "366ab6d5f68abe3ded22c09f65c151cfba600fa26690a4763f390c2f1e07ca4d",
      "dependencies": [
        "jsr:@cliffy/flags",
        "jsr:@cliffy/internal",
        "jsr:@cliffy/table",
        "jsr:@cliffy/upgrade",
        "jsr:@std/fmt",
        "jsr:@std/text"
      ]
    },
    "@cliffy/flags@1.3.1": {
      "integrity": "12f38efa0c8c2531c09f1b9a70bae4c4dcfbe01793bac11ac8ac92dddedaa294",
      "dependencies": [
        "jsr:@cliffy/internal",
        "jsr:@std/text"
      ]
    },
    "@cliffy/internal@1.3.1": {
      "integrity": "b309718fbfb8a226e74bc06f151d4459c2bdfa7ce68482decca75106bbf28816"
    },
    "@cliffy/table@1.3.1": {
      "integrity": "483c43936b9be148cbedd8bd39e5c0d098c9c87c4667fe2ad9b8acff77f79b8b",
      "dependencies": [
        "jsr:@std/fmt"
      ]
    },
    "@cliffy/upgrade@1.3.1": {
      "integrity": "9407061b092de52533d291e2488df24ec0718e28e024ac208603c0e16ae6407a",
      "dependencies": [
        "jsr:@cliffy/internal",
        "jsr:@cliffy/table",
        "jsr:@std/fmt",
        "jsr:@std/path@^1.1.6",
        "jsr:@std/semver",
        "jsr:@std/tar"
      ]
    },
    "@std/assert@1.0.19": {
      "integrity": "eaada96ee120cb980bc47e040f82814d786fe8162ecc53c91d8df60b8755991e",
      "dependencies": [
        "jsr:@std/internal@^1.0.12"
      ]
    },
    "@std/cli@1.0.32": {
      "integrity": "188b3a100d6202d64e3f5bd3d799c7fa4f6d77f92cc65eb7f641c1fa0aa92a66"
    },
    "@std/encoding@1.0.11": {
      "integrity": "e7cef2f0b3153bccc17431e7c864a1de03a4b6d9647389c43e08aaa775d37385"
    },
    "@std/fmt@1.0.10": {
      "integrity": "90dfba288802ac6de82fb31d0917eb9e4450b9925b954d5e51fc29ac07419db5"
    },
    "@std/fs@1.0.24": {
      "integrity": "f3061b45b81673a2bece689da041df32d174be064c89eb6397fb5718d3fb7877",
      "dependencies": [
        "jsr:@std/internal@^1.0.14",
        "jsr:@std/path@^1.1.5"
      ]
    },
    "@std/html@1.0.7": {
      "integrity": "175c818905a6e75743c69c251395e273d82698e58cfe7dd76268d70e28b8d8fe"
    },
    "@std/http@1.1.3": {
      "integrity": "73a98e05ff58aa18bea562d286172e6c815b1eddd4fcab194beda19e3683b88c",
      "dependencies": [
        "jsr:@std/cli",
        "jsr:@std/encoding",
        "jsr:@std/fmt",
        "jsr:@std/fs",
        "jsr:@std/html",
        "jsr:@std/media-types",
        "jsr:@std/net",
        "jsr:@std/path@^1.1.6",
        "jsr:@std/streams@^1.1.2"
      ]
    },
    "@std/internal@1.0.14": {
      "integrity": "291516b3d4c35024d6ffbc0a9df5bf4c64116e05b50012cf846710152d2ffdf7"
    },
    "@std/json@1.1.0": {
      "integrity": "93330d3ed4054d6b1ffe54b075432c80a5f671be77277b978931e018014cb1cc"
    },
    "@std/jsonc@1.0.3": {
      "integrity": "9a4bb168c6b64e8e89944e45f96390a6e6e6865f59f02f0a70b24653911f2d64",
      "dependencies": [
        "jsr:@std/json"
      ]
    },
    "@std/media-types@1.1.0": {
      "integrity": "c9d093f0c05c3512932b330e3cc1fe1d627b301db33a4c2c2185c02471d6eaa4"
    },
    "@std/net@1.0.6": {
      "integrity": "110735f93e95bb9feb95790a8b1d1bf69ec0dc74f3f97a00a76ea5efea25500c"
    },
    "@std/path@1.1.6": {
      "integrity": "c68485c2a4dfbb5ae3cc74fae4e8c4e5d874cf8a8ed12927917235c758b46cbe",
      "dependencies": [
        "jsr:@std/internal@^1.0.14"
      ]
    },
    "@std/semver@1.0.8": {
      "integrity": "dc830e8b8b6a380c895d53fbfd1258dc253704ca57bbe1629ac65fd7830179b7"
    },
    "@std/streams@1.1.2": {
      "integrity": "0249bf9b78a999f57032ca4d8e7ccaa57579090242640b35ddc948fbb745d3af"
    },
    "@std/tar@0.1.10": {
      "integrity": "6bf907f3a4bc8bfef42973ba132d946756a6161ef6b914a9e1c06debe664db17",
      "dependencies": [
        "jsr:@std/streams@^1.0.17"
      ]
    },
    "@std/text@1.0.19": {
      "integrity": "003a0e032d360e8c3a4e0410fb792c77a66bd6553fee9d60c6ec1bce30d29223"
    }
  },
  "npm": {
    "@alcalzone/ansi-tokenize@0.3.1": {
      "integrity": "sha512-cUD0PT0YX+rImRhfn7BfMRduP/tX/Zqt/N0dHlAyn2RlcJssCb5KsCJkhln61eh9vuJDkH8wKn3L8zJzzWXPFg==",
      "dependencies": [
        "ansi-styles",
        "is-fullwidth-code-point"
      ]
    },
    "@deephaven-enterprise/auth-nodejs@2026.1.59": {
      "integrity": "sha512-KpwVIplIC62CpGUJ7qRYubKIE+p2HNWvDj23ziDGu2e0Hdw6WckNHxwtwW19co5LhZlQfuggESZSpdsXhMz5Xw==",
      "dependencies": [
        "@deephaven-enterprise/client-utils",
        "@deephaven-enterprise/jsapi-types",
        "@deephaven/utils"
      ]
    },
    "@deephaven-enterprise/client-utils@2026.1.59": {
      "integrity": "sha512-5+KVlxtb+w9xz61HJrR3XcSsaf1N1/uI0HtoISiBtXtx1laN2bZQSvhT8h4rqKJNCh6YnNIiyrumfS8jIAXo6g==",
      "dependencies": [
        "@deephaven-enterprise/jsapi-types",
        "@deephaven/jsapi-types",
        "@deephaven/log",
        "@deephaven/utils"
      ]
    },
    "@deephaven-enterprise/jsapi-types@2026.1.59": {
      "integrity": "sha512-qYN7nNZcuuj1p346GCnf+tVQPIR5FyimgqXNFgPK0wtM759Px4qpK8YLHiVR00CjQIqiX1zBT52q2+gULxe11g==",
      "dependencies": [
        "@deephaven/jsapi-types"
      ]
    },
    "@deephaven/jsapi-nodejs@1.29.0": {
      "integrity": "sha512-35gQzax9bnc/0Y22eF8jY25KD4TQ23uv92cN60z8gl0z8djhqSsgTFaEOnZ8iGy9IqnC+xSzwCVWlVdKmHWfCQ==",
      "dependencies": [
        "@deephaven/jsapi-types",
        "@deephaven/log",
        "@deephaven/utils",
        "ws"
      ]
    },
    "@deephaven/jsapi-types@1.0.0-dev0.40.5": {
      "integrity": "sha512-ysRBewjXwt/Agops1edt9olw9oY2ShL8ySE1fyqNBCnL6iwQ1KIFmN2FZVnu8QGChJG106jGvm7w3wA7YIwiXg=="
    },
    "@deephaven/log@1.8.0": {
      "integrity": "sha512-gzp6/7qW4W8Re+DLSaG33KEQJ30OrrNq3cNQA8fUeXQrabSNOIsyeVOaerQ/57c4zWhWVKamplax0LIYRsmDiw==",
      "dependencies": [
        "event-target-shim",
        "jszip",
        "safe-stable-stringify"
      ]
    },
    "@deephaven/utils@1.29.0": {
      "integrity": "sha512-Pnn+HI06jBQGI4y7AgR40Mnklia+FgGXRLC6tUQTnorZzd6eJP3HEGJFpWMoroFArnatROXpRf9NKnde907Vbg==",
      "dependencies": [
        "@deephaven/log",
        "nanoid"
      ]
    },
    "@types/react@19.3.0": {
      "integrity": "sha512-N0rFCuH9YoxG9/m61l9MfpJKfmLOVU0em7ipIz6TRgSSkvReLB9vL85GB+yr8Bs5leqpvg96JSwF4ZS1s4viQg==",
      "dependencies": [
        "csstype"
      ]
    },
    "ansi-escapes@7.3.0": {
      "integrity": "sha512-BvU8nYgGQBxcmMuEeUEmNTvrMVjJNSH7RgW24vXexN4Ven6qCvy4TntnvlnwnMLTVlcRQQdbRY8NKnaIoeWDNg==",
      "dependencies": [
        "environment"
      ]
    },
    "ansi-regex@6.4.0": {
      "integrity": "sha512-KzTVk2tCWAHtYrvvvaP8bJKJq2pVinhLcGEQdtLIYPbmNGNyYe8QwNaTUYQp2J7/vIsUKt5QCqAfUkYyG9DkOw=="
    },
    "ansi-styles@6.2.3": {
      "integrity": "sha512-4Dj6M28JB+oAH8kFkTLUo+a2jwOFkuqb3yucU0CANcRRUbxS0cP0nZYCGjcc3BNXwRIsUVmDGgzawme7zvJHvg=="
    },
    "auto-bind@5.0.1": {
      "integrity": "sha512-ooviqdwwgfIfNmDwo94wlshcdzfO64XV0Cg6oDsDYBJfITDz1EngD2z7DkbvCWn+XIMsIqW27sEVF6qcpJrRcg=="
    },
    "chalk@5.6.2": {
      "integrity": "sha512-7NzBL0rN6fMUW+f7A6Io4h40qQlG+xGmtMxfbnH/K7TAtt8JQWVQK+6g0UXKMeVJoyV5EkkNsErQ8pVD3bLHbA=="
    },
    "cli-boxes@4.0.1": {
      "integrity": "sha512-5IOn+jcCEHEraYolBPs/sT4BxYCe2nHg374OPiItB1O96KZFseS2gthU4twyYzeDcFew4DaUM/xwc5BQf08JJw=="
    },
    "cli-cursor@4.0.0": {
      "integrity": "sha512-VGtlMu3x/4DOtIUwEkRezxUZ2lBacNJCHash0N0WeZDBS+7Ux1dm3XWAgWYxLJFMMdOeXMHXorshEFhbMSGelg==",
      "dependencies": [
        "restore-cursor"
      ]
    },
    "cli-truncate@6.1.1": {
      "integrity": "sha512-06p9vyLahLa4zkGcgsGxU6iEkSOiuI4fhCH6Emhe2lPAcoUv73n72DnODsnHA+5wwXGnV0n9M9/qOQJSjYhFhw==",
      "dependencies": [
        "slice-ansi",
        "string-width"
      ]
    },
    "code-excerpt@4.0.0": {
      "integrity": "sha512-xxodCmBen3iy2i0WtAK8FlFNrRzjUqjRsMfho58xT/wvZU1YTM3fCnRjcy1gJPMepaRlgm/0e6w8SpWHpn3/cA==",
      "dependencies": [
        "convert-to-spaces"
      ]
    },
    "convert-to-spaces@2.0.1": {
      "integrity": "sha512-rcQ1bsQO9799wq24uE5AM2tAILy4gXGIK/njFWcVQkGNZ96edlpY+A7bjwvzjYvLDyzmG1MmMLZhpcsb+klNMQ=="
    },
    "core-util-is@1.0.3": {
      "integrity": "sha512-ZQBvi1DcpJ4GDqanjucZ2Hj3wEO5pZDS89BWbkcrvdxksJorwUDDZamX9ldFkp9aw2lmBDLgkObEA4DWNJ9FYQ=="
    },
    "csstype@3.2.3": {
      "integrity": "sha512-z1HGKcYy2xA8AGQfwrn0PAy+PB7X/GSj3UVJW9qKyn43xWa+gl5nXmU4qqLMRzWVLFC8KusUX8T/0kCiOYpAIQ=="
    },
    "environment@1.1.0": {
      "integrity": "sha512-xUtoPkMggbz0MPyPiIWr1Kp4aeWJjDZ6SMvURhimjdZgsRuDplF5/s9hcgGhyXMhs+6vpnuoiZ2kFiu3FMnS8Q=="
    },
    "es-toolkit@1.52.0": {
      "integrity": "sha512-XTNEJQh1tY1ZJVcf6ayP/2n4ZPyaHlW2FWs7xvw5ddPuhUVjLD3olQVQS7kf58JbAB48iL0uL/jerTrjtV3lDA=="
    },
    "escape-string-regexp@2.0.0": {
      "integrity": "sha512-UpzcLCXolUWcNu5HtVMHYdXJjArjsF9C0aNnquZYY4uW/Vu0miy5YoWvbV345HauVvcAUnpRuhMMcqTcGOY2+w=="
    },
    "event-target-shim@6.0.2": {
      "integrity": "sha512-8q3LsZjRezbFZ2PN+uP+Q7pnHUMmAOziU2vA2OwoFaKIXxlxl38IylhSSgUorWu/rf4er67w0ikBqjBFk/pomA=="
    },
    "get-east-asian-width@1.7.0": {
      "integrity": "sha512-XjH1AECxf0giL2V1aU8vKyRR2ppRUb5c0EvT7zuJTokQ74bNo52zOtghqdWIqrhUD79fo3x0WfKZdOqxF6LG1Q=="
    },
    "immediate@3.0.6": {
      "integrity": "sha512-XXOFtyqDjNDAQxVfYxuF7g9Il/IbWmmlQg2MYKOH8ExIT1qg6xc4zyS3HaEEATgs1btfzxq15ciUiY7gjSXRGQ=="
    },
    "indent-string@5.0.0": {
      "integrity": "sha512-m6FAo/spmsW2Ab2fU35JTYwtOKa2yAwXSwgjSv1TJzh4Mh7mC3lzAOVLBprb72XsTrgkEIsl7YrFNAiDiRhIGg=="
    },
    "inherits@2.0.4": {
      "integrity": "sha512-k/vGaX4/Yla3WzyMCvTQOXYeIHvqOKtnqBduzTHpzpQZzAskKMhZ2K+EnBiSM9zGSoIFeMpXKxa4dYeZIQqewQ=="
    },
    "ink@7.1.1_@types+react@19.3.0_react@19.3.0": {
      "integrity": "sha512-Y43xxa1ZSPvpmfLHcN5o+OdP8Rf8ykkNJEuKYOUNZKT8wXVNLFTtEm1nSDMQkfBH+YANF4Xuu0hhZ4ejqAtN2w==",
      "dependencies": [
        "@alcalzone/ansi-tokenize",
        "@types/react",
        "ansi-escapes",
        "ansi-styles",
        "auto-bind",
        "chalk",
        "cli-boxes",
        "cli-cursor",
        "cli-truncate",
        "code-excerpt",
        "es-toolkit",
        "indent-string",
        "is-in-ci",
        "patch-console",
        "react",
        "react-reconciler",
        "scheduler",
        "signal-exit",
        "slice-ansi",
        "stack-utils",
        "string-width",
        "terminal-size",
        "type-fest",
        "widest-line",
        "wrap-ansi",
        "ws",
        "yoga-layout"
      ],
      "optionalPeers": [
        "@types/react"
      ]
    },
    "is-fullwidth-code-point@5.1.0": {
      "integrity": "sha512-5XHYaSyiqADb4RnZ1Bdad6cPp8Toise4TzEjcOYDHZkTCbKgiUl7WTUCpNWHuxmDt91wnsZBc9xinNzopv3JMQ==",
      "dependencies": [
        "get-east-asian-width"
      ]
    },
    "is-in-ci@2.0.0": {
      "integrity": "sha512-cFeerHriAnhrQSbpAxL37W1wcJKUUX07HyLWZCW1URJT/ra3GyUTzBgUnh24TMVfNTV2Hij2HLxkPHFZfOZy5w==",
      "bin": true
    },
    "isarray@1.0.0": {
      "integrity": "sha512-VLghIWNM6ELQzo7zwmcg0NmTVyWKYjvIeM83yjp0wRDTmUnrM678fQbcKBo6n2CJEF0szoG//ytg+TKla89ALQ=="
    },
    "jszip@3.10.2": {
      "integrity": "sha512-3l+rb15IOWtUhU0H5MFqES/T6Kh7abYwjosBey/vD6hDt8zoEffkSC5Ws5SGtgVw3gBx2NEbhTeSW1+kWkpyTQ==",
      "dependencies": [
        "lie",
        "pako",
        "readable-stream",
        "setimmediate"
      ]
    },
    "lie@3.3.0": {
      "integrity": "sha512-UaiMJzeWRlEujzAuw5LokY1L5ecNQYZKfmyZ9L7wDHb/p5etKaxXhohBcrw0EYby+G/NA52vRSN4N39dxHAIwQ==",
      "dependencies": [
        "immediate"
      ]
    },
    "mimic-fn@2.1.0": {
      "integrity": "sha512-OqbOk5oEQeAZ8WXWydlu9HJjz9WVdEIvamMCcXmuqUYjTknH/sqsWvhQ3vgwKFRR1HpjvNBKQ37nbJgYzGqGcg=="
    },
    "nanoid@5.1.16": {
      "integrity": "sha512-kVrnsrJqMR8+oLJnGEmSWw9BivK5mt7H3FZatVRjrc5wGqFYuBxX1yG7+A7Gi5AefkX6t/oCkizcQgpu0cY1dQ==",
      "bin": true
    },
    "onetime@5.1.2": {
      "integrity": "sha512-kbpaSSGJTWdAY5KPVeMOKXSrPtr8C8C7wodJbcsd51jRnmD+GZu8Y0VoU6Dm5Z4vWr0Ig/1NKuWRKf7j5aaYSg==",
      "dependencies": [
        "mimic-fn"
      ]
    },
    "pako@1.0.11": {
      "integrity": "sha512-4hLB8Py4zZce5s4yd9XzopqwVv/yGNhV1Bl8NTmCq1763HeK2+EwVTv+leGeL13Dnh2wfbqowVPXCIO0z4taYw=="
    },
    "patch-console@2.0.0": {
      "integrity": "sha512-0YNdUceMdaQwoKce1gatDScmMo5pu/tfABfnzEqeG0gtTmd7mh/WcwgUjtAeOU7N8nFFlbQBnFK2gXW5fGvmMA=="
    },
    "process-nextick-args@2.0.1": {
      "integrity": "sha512-3ouUOpQhtgrbOa17J7+uxOTpITYWaGP7/AhoR3+A+/1e9skrzelGi/dXzEYyvbxubEF6Wn2ypscTKiKJFFn1ag=="
    },
    "react-reconciler@0.33.0_react@19.3.0": {
      "integrity": "sha512-KetWRytFv1epdpJc3J4G75I4WrplZE5jOL7Yq0p34+OVOKF4Se7WrdIdVC45XsSSmUTlht2FM/fM1FZb1mfQeA==",
      "dependencies": [
        "react",
        "scheduler"
      ]
    },
    "react@19.3.0": {
      "integrity": "sha512-E8LUcbtBWt20bbl2YoHfx4ZDBdxVTfOKtCZn9cDSJ4l6/nuoApcpIBcj47t2wZoVX8g2ZHuMHbiShgCR1T5Sog=="
    },
    "readable-stream@2.3.8": {
      "integrity": "sha512-8p0AUk4XODgIewSi0l8Epjs+EVnWiK7NoDIEGU0HhE7+ZyY8D1IMY7odu5lRrFXGg71L15KG8QrPmum45RTtdA==",
      "dependencies": [
        "core-util-is",
        "inherits",
        "isarray",
        "process-nextick-args",
        "safe-buffer",
        "string_decoder",
        "util-deprecate"
      ]
    },
    "restore-cursor@4.0.0": {
      "integrity": "sha512-I9fPXU9geO9bHOt9pHHOhOkYerIMsmVaWB0rA2AI9ERh/+x/i7MV5HKBNrg+ljO5eoPVgCcnFuRjJ9uH6I/3eg==",
      "dependencies": [
        "onetime",
        "signal-exit"
      ]
    },
    "safe-buffer@5.1.2": {
      "integrity": "sha512-Gd2UZBJDkXlY7GbJxfsE8/nvKkUEU1G38c1siN6QP6a9PT9MmHB8GnpscSmMJSoF8LOIrt8ud/wPtojys4G6+g=="
    },
    "safe-stable-stringify@2.5.0": {
      "integrity": "sha512-b3rppTKm9T+PsVCBEOUR46GWI7fdOs00VKZ1+9c1EWDaDMvjQc6tUwuFyIprgGgTcWoVHSKrU8H31ZHA2e0RHA=="
    },
    "scheduler@0.27.0": {
      "integrity": "sha512-eNv+WrVbKu1f3vbYJT/xtiF5syA5HPIMtf9IgY/nKg0sWqzAUEvqY/xm7OcZc/qafLx/iO9FgOmeSAp4v5ti/Q=="
    },
    "setimmediate@1.0.5": {
      "integrity": "sha512-MATJdZp8sLqDl/68LfQmbP8zKPLQNV6BIZoIgrscFDQ+RsvK/BxeDQOgyxKKoh0y/8h3BqVFnCqQ/gd+reiIXA=="
    },
    "signal-exit@3.0.7": {
      "integrity": "sha512-wnD2ZE+l+SPC/uoS0vXeE9L1+0wuaMqKlfz9AMUo38JsyLSBWSFcHR1Rri62LZc12vLr1gb3jl7iwQhgwpAbGQ=="
    },
    "slice-ansi@9.0.1": {
      "integrity": "sha512-aBY19bn/XA+hKOKX0qL7Z0UfdBsbQvc9hn993U8ALUjzxCvDcuZqLoRXjGJrUARWAlwMnsRVD9sw2AFNOYvalA==",
      "dependencies": [
        "ansi-styles",
        "is-fullwidth-code-point"
      ]
    },
    "stack-utils@2.0.6": {
      "integrity": "sha512-XlkWvfIm6RmsWtNJx+uqtKLS8eqFbxUg0ZzLXqY0caEy9l7hruX8IpiDnjsLavoBgqCCR71TqWO8MaXYheJ3RQ==",
      "dependencies": [
        "escape-string-regexp"
      ]
    },
    "string-width@8.3.0": {
      "integrity": "sha512-ZbmZM0JCihQN91dWnxoipT2KOEyHqEyfRXUyjuRhW8b/xnqPDoq4gWEVApTVa9db2wN8mmoikgFBbjh71+cGeQ==",
      "dependencies": [
        "get-east-asian-width",
        "strip-ansi"
      ]
    },
    "string_decoder@1.1.1": {
      "integrity": "sha512-n/ShnvDi6FHbbVfviro+WojiFzv+s8MPMHBczVePfUpDJLwoLT0ht1l4YwBCbi8pJAveEEdnkHyPyTP/mzRfwg==",
      "dependencies": [
        "safe-buffer"
      ]
    },
    "strip-ansi@7.2.0": {
      "integrity": "sha512-yDPMNjp4WyfYBkHnjIRLfca1i6KMyGCtsVgoKe/z1+6vukgaENdgGBZt+ZmKPc4gavvEZ5OgHfHdrazhgNyG7w==",
      "dependencies": [
        "ansi-regex"
      ]
    },
    "tagged-tag@1.0.0": {
      "integrity": "sha512-yEFYrVhod+hdNyx7g5Bnkkb0G6si8HJurOoOEgC8B/O0uXLHlaey/65KRv6cuWBNhBgHKAROVpc7QyYqE5gFng=="
    },
    "terminal-size@4.0.1": {
      "integrity": "sha512-avMLDQpUI9I5XFrklECw1ZEUPJhqzcwSWsyyI8blhRLT+8N1jLJWLWWYQpB2q2xthq8xDvjZPISVh53T/+CLYQ=="
    },
    "type-fest@5.10.0": {
      "integrity": "sha512-NoSdpq/WEiAg5sjmBkmV/hfxv6HJH4NqPNrqjtSO5CwRmpsDfaf4begxW34KdJykH/l1yHtwBWQkCRdoXO8mPA==",
      "dependencies": [
        "tagged-tag"
      ]
    },
    "util-deprecate@1.0.2": {
      "integrity": "sha512-EPD5q1uXyFxJpCrLnCc1nHnq3gOa6DZBocAIiI2TaSCA7VCJ1UJDMagCzIkXNsUYfD1daK//LTEQ8xiIbrHtcw=="
    },
    "widest-line@6.0.0": {
      "integrity": "sha512-U89AsyEeAsyoF0zVJBkG9zBgekjgjK7yk9sje3F4IQpXBJ10TF6ByLlIfjMhcmHMJgHZI4KHt4rdNfktzxIAMA==",
      "dependencies": [
        "string-width"
      ]
    },
    "wrap-ansi@10.0.2": {
      "integrity": "sha512-6OLRNZqRntVGBm26ghZ5eZhCuWWyOkRCSn8XsOIuq5stpCE/tjLbdozd93naILZig0lmD8ANfRwnhn0DLeXGlg==",
      "dependencies": [
        "ansi-styles",
        "string-width"
      ]
    },
    "ws@8.22.0": {
      "integrity": "sha512-Ydggc987+RO0AnWtZ/7Wq9FtNvcrL1b/RO0ud9mWjUPgDrsAAwQSF51sm2hm1XofbU/4jkpGEsLFsZZxU+1DOg=="
    },
    "yoga-layout@3.2.1": {
      "integrity": "sha512-0LPOt3AxKqMdFBZA3HBAt/t/8vIKq7VaQYbuA8WxCgung+p9TVyKRYdpvCb80HcdTN2NkbIKbhNwKUfm3tQywQ=="
    }
  },
  "workspace": {
    "dependencies": [
      "jsr:@cliffy/command@^1.3.1",
      "jsr:@std/assert@^1.0.19",
      "jsr:@std/encoding@^1.0.11",
      "jsr:@std/fs@^1.0.24",
      "jsr:@std/http@^1.1.3",
      "jsr:@std/jsonc@^1.0.2",
      "jsr:@std/path@^1.1.6",
      "jsr:@std/semver@^1.0.8",
      "npm:@deephaven-enterprise/auth-nodejs@2026.1.59",
      "npm:@deephaven/jsapi-nodejs@^1.29.0",
      "npm:@types/react@^19.2.0",
      "npm:ink@^7.1.1",
      "npm:react@^19.2.0"
    ]
  }
}
